<?xml version="1.0" encoding="utf-8"?>
<Project ToolsVersion="4.0" xmlns="http://schemas.microsoft.com/developer/msbuild/2003">
  <ItemGroup>
    <Filter Include="Source Files">
      <UniqueIdentifier>{4FC737F1-C7A5-4376-A066-2A32D752A2FF}</UniqueIdentifier>
      <Extensions>cpp;c;cc;cxx;def;odl;idl;hpj;bat;asm;asmx</Extensions>
    </Filter>
    <Filter Include="Header Files">
      <UniqueIdentifier>{93995380-89BD-4b04-88EB-625FBE52EBFB}</UniqueIdentifier>
      <Extensions>h;hh;hpp;hxx;hm;inl;inc;ipp;xsd</Extensions>
    </Filter>
    <Filter Include="Resource Files">
      <UniqueIdentifier>{67DA6AB6-F800-4c08-8B7A-83BB121AAD01}</UniqueIdentifier>
      <Extensions>rc;ico;cur;bmp;dlg;rc2;rct;bin;rgs;gif;jpg;jpeg;jpe;resx;tiff;tif;png;wav;mfcribbon-ms</Extensions>
    </Filter>
    <Filter Include="Application">
      <UniqueIdentifier>{5cf0f998-a981-42f5-bf46-2f131b6deca0}</UniqueIdentifier>
    </Filter>
    <Filter Include="Application\Window">
      <UniqueIdentifier>{7b711b51-0825-48eb-bbdd-e1b721235512}</UniqueIdentifier>
    </Filter>
    <Filter Include="Application\Scenes">
      <UniqueIdentifier>{686f6c4c-0b16-42d4-989a-2e01d76c7dae}</UniqueIdentifier>
    </Filter>
    <Filter Include="Application\Input">
      <UniqueIdentifier>{32180db3-d417-47ef-adfd-631427781531}</UniqueIdentifier>
    </Filter>
    <Filter Include="Application\Scenes\Exhibition">
      <UniqueIdentifier>{6eea03ff-0e19-41bb-80be-44b15ac66788}</UniqueIdentifier>
    </Filter>
    <Filter Include="Application\Scenes\Game">
      <UniqueIdentifier>{4aeab630-fb9b-47e1-b2a3-0adb63f9e86e}</UniqueIdentifier>
    </Filter>
    <Filter Include="Application\Scenes\Test">
      <UniqueIdentifier>{25155e4e-a219-4c69-ba34-87444049f0c2}</UniqueIdentifier>
    </Filter>
    <Filter Include="Application\Assets">
      <UniqueIdentifier>{38287d93-41b9-4918-8acc-6ad93f19b498}</UniqueIdentifier>
    </Filter>
    <Filter Include="Application\Assets\Material">
      <UniqueIdentifier>{e2f8ca0c-1fbf-4259-b962-7d89738fb65f}</UniqueIdentifier>
    </Filter>
  </ItemGroup>
  <ItemGroup>
    <ClCompile Include="main.cpp">
      <Filter>Source Files</Filter>
    </ClCompile>
    <ClCompile Include="Application.cpp">
      <Filter>Application</Filter>
    </ClCompile>
    <ClCompile Include="InputController.cpp">
      <Filter>Application\Input</Filter>
    </ClCompile>
    <ClCompile Include="Window.cpp">
      <Filter>Application\Window</Filter>
    </ClCompile>
    <ClCompile Include="Scene.cpp">
      <Filter>Application\Scenes</Filter>
    </ClCompile>
    <ClCompile Include="SceneManager.cpp">
      <Filter>Application\Scenes</Filter>
    </ClCompile>
    <ClCompile Include="TestScene.cpp">
      <Filter>Application\Scenes\Test</Filter>
    </ClCompile>
    <ClCompile Include="Outline.cpp">
      <Filter>Application\Assets\Material</Filter>
    </ClCompile>
  </ItemGroup>
  <ItemGroup>
    <ClInclude Include="Application.h">
      <Filter>Application</Filter>
    </ClInclude>
    <ClInclude Include="InputEvents.h">
      <Filter>Application\Input</Filter>
    </ClInclude>
    <ClInclude Include="InputController.h">
      <Filter>Application\Input</Filter>
    </ClInclude>
    <ClInclude Include="Window.h">
      <Filter>Application\Window</Filter>
    </ClInclude>
    <ClInclude Include="Scene.h">
      <Filter>Application\Scenes</Filter>
    </ClInclude>
    <ClInclude Include="SceneManager.h">
      <Filter>Application\Scenes</Filter>
    </ClInclude>
    <ClInclude Include="TestScene.h">
      <Filter>Application\Scenes\Test</Filter>
    </ClInclude>
    <ClInclude Include="Outline.h">
      <Filter>Application\Assets\Material</Filter>
    </ClInclude>
  </ItemGroup>
  <ItemGroup>
    <None Include="Files\Shaders\curve.frag" />
  </ItemGroup>
</Project>