<?xml version="1.0" encoding="utf-8"?>
<Project ToolsVersion="4.0" xmlns="http://schemas.microsoft.com/developer/msbuild/2003">
  <ItemGroup>
    <Filter Include="Header Files">
      <UniqueIdentifier>{93995380-89BD-4b04-88EB-625FBE52EBFB}</UniqueIdentifier>
      <Extensions>h;hh;hpp;hxx;hm;inl;inc;ipp;xsd</Extensions>
    </Filter>
    <Filter Include="Resource Files">
      <UniqueIdentifier>{67DA6AB6-F800-4c08-8B7A-83BB121AAD01}</UniqueIdentifier>
      <Extensions>rc;ico;cur;bmp;dlg;rc2;rct;bin;rgs;gif;jpg;jpeg;jpe;resx;tiff;tif;png;wav;mfcribbon-ms</Extensions>
    </Filter>
    <Filter Include="Base">
      <UniqueIdentifier>{8354ffc2-3d62-4777-938a-a411bbbd30a9}</UniqueIdentifier>
    </Filter>
    <Filter Include="Transform">
      <UniqueIdentifier>{f29ffdb7-25a4-4443-b073-ea2222f14ce9}</UniqueIdentifier>
    </Filter>
    <Filter Include="Render">
      <UniqueIdentifier>{9b51491f-c11d-4618-9d57-d6e276b17d16}</UniqueIdentifier>
    </Filter>
    <Filter Include="Render\Material">
      <UniqueIdentifier>{425c1a49-a2d1-43ad-9a87-b9640524a0e2}</UniqueIdentifier>
    </Filter>
    <Filter Include="Render\Assets">
      <UniqueIdentifier>{5fafc85f-cf9a-4457-830a-01debed070a5}</UniqueIdentifier>
    </Filter>
    <Filter Include="Render\Material\Standard">
      <UniqueIdentifier>{2007923f-e317-46c5-81f1-a73e6993f5fd}</UniqueIdentifier>
    </Filter>
    <Filter Include="Render\Material\Subtractive">
      <UniqueIdentifier>{e989b892-a911-402f-b16d-71d9497a3ac7}</UniqueIdentifier>
    </Filter>
    <Filter Include="Render\Renderer">
      <UniqueIdentifier>{e15d7040-5250-4594-b402-fc4ae18533a9}</UniqueIdentifier>
    </Filter>
    <Filter Include="Render\Renderer\Additive">
      <UniqueIdentifier>{c9516681-ebd6-44e1-a545-d887021e6a29}</UniqueIdentifier>
    </Filter>
    <Filter Include="Render\Renderer\Framebuffer">
      <UniqueIdentifier>{8b004119-4e8d-4e25-baa2-9f733307c9ea}</UniqueIdentifier>
    </Filter>
    <Filter Include="Render\Material\Textured">
      <UniqueIdentifier>{f104821a-cd8a-4036-be74-0f582db8319f}</UniqueIdentifier>
    </Filter>
    <Filter Include="Render\Assets\Load">
      <UniqueIdentifier>{c2e80f73-3cd8-4eac-8060-a4509b38171d}</UniqueIdentifier>
    </Filter>
    <Filter Include="Render\Material\Color">
      <UniqueIdentifier>{bc47c144-a076-4446-9f2e-0147318223cb}</UniqueIdentifier>
    </Filter>
    <Filter Include="Source Files">
      <UniqueIdentifier>{4FC737F1-C7A5-4376-A066-2A32D752A2FF}</UniqueIdentifier>
      <Extensions>cpp;c;cc;cxx;def;odl;idl;hpj;bat;asm;asmx</Extensions>
    </Filter>
    <Filter Include="State">
      <UniqueIdentifier>{9ea0e75e-e7f5-43cb-963a-e2efd7572bb5}</UniqueIdentifier>
    </Filter>
  </ItemGroup>
  <ItemGroup>
    <ClCompile Include="EntityManager.cpp">
      <Filter>Base</Filter>
    </ClCompile>
    <ClCompile Include="Component.cpp">
      <Filter>Base</Filter>
    </ClCompile>
    <ClCompile Include="System.cpp">
      <Filter>Base</Filter>
    </ClCompile>
    <ClCompile Include="SystemManager.cpp">
      <Filter>Base</Filter>
    </ClCompile>
    <ClCompile Include="Transform.cpp">
      <Filter>Transform</Filter>
    </ClCompile>
    <ClCompile Include="TransformSystem.cpp">
      <Filter>Transform</Filter>
    </ClCompile>
    <ClCompile Include="TransformComparator.cpp">
      <Filter>Transform</Filter>
    </ClCompile>
    <ClCompile Include="AdditiveRenderer.cpp">
      <Filter>Render\Renderer\Additive</Filter>
    </ClCompile>
    <ClCompile Include="Camera.cpp">
      <Filter>Render</Filter>
    </ClCompile>
    <ClCompile Include="ColorMaterial.cpp">
      <Filter>Render\Material\Color</Filter>
    </ClCompile>
    <ClCompile Include="FBORenderer.cpp">
      <Filter>Render\Renderer\Framebuffer</Filter>
    </ClCompile>
    <ClCompile Include="Light.cpp">
      <Filter>Render</Filter>
    </ClCompile>
    <ClCompile Include="LoadTGA.cpp">
      <Filter>Render\Assets\Load</Filter>
    </ClCompile>
    <ClCompile Include="LoadFNT.cpp">
      <Filter>Render\Assets\Load</Filter>
    </ClCompile>
    <ClCompile Include="LoadOBJ.cpp">
      <Filter>Render\Assets\Load</Filter>
    </ClCompile>
    <ClCompile Include="Framebuffer.cpp">
      <Filter>Render</Filter>
    </ClCompile>
    <ClCompile Include="Material.cpp">
      <Filter>Render\Material</Filter>
    </ClCompile>
    <ClCompile Include="Mesh.cpp">
      <Filter>Render\Assets</Filter>
    </ClCompile>
    <ClCompile Include="Model.cpp">
      <Filter>Render\Assets</Filter>
    </ClCompile>
    <ClCompile Include="Render.cpp">
      <Filter>Render</Filter>
    </ClCompile>
    <ClCompile Include="RenderSystem.cpp">
      <Filter>Render</Filter>
    </ClCompile>
    <ClCompile Include="Shader.cpp">
      <Filter>Render\Material</Filter>
    </ClCompile>
    <ClCompile Include="Text.cpp">
      <Filter>Render</Filter>
    </ClCompile>
    <ClCompile Include="Vertex.cpp">
      <Filter>Render\Assets</Filter>
    </ClCompile>
    <ClCompile Include="TexturedMaterial.cpp">
      <Filter>Render\Material\Textured</Filter>
    </ClCompile>
    <ClCompile Include="SubtractiveMaterial.cpp">
      <Filter>Render\Material\Subtractive</Filter>
    </ClCompile>
    <ClCompile Include="StandardMaterial.cpp">
      <Filter>Render\Material\Standard</Filter>
    </ClCompile>
    <ClCompile Include="StateContainer.cpp">
      <Filter>State</Filter>
    </ClCompile>
    <ClCompile Include="StateMachine.cpp">
      <Filter>State</Filter>
    </ClCompile>
  </ItemGroup>
  <ItemGroup>
    <ClInclude Include="EntityManager.h">
      <Filter>Base</Filter>
    </ClInclude>
    <ClInclude Include="Component.h">
      <Filter>Base</Filter>
    </ClInclude>
    <ClInclude Include="System.h">
      <Filter>Base</Filter>
    </ClInclude>
    <ClInclude Include="SystemManager.h">
      <Filter>Base</Filter>
    </ClInclude>
    <ClInclude Include="Transform.h">
      <Filter>Transform</Filter>
    </ClInclude>
    <ClInclude Include="TransformSystem.h">
      <Filter>Transform</Filter>
    </ClInclude>
    <ClInclude Include="TransformComparator.h">
      <Filter>Transform</Filter>
    </ClInclude>
    <ClInclude Include="Camera.h">
      <Filter>Render</Filter>
    </ClInclude>
    <ClInclude Include="Render.h">
      <Filter>Render</Filter>
    </ClInclude>
    <ClInclude Include="RenderSystem.h">
      <Filter>Render</Filter>
    </ClInclude>
    <ClInclude Include="LoadTGA.h">
      <Filter>Render\Assets\Load</Filter>
    </ClInclude>
    <ClInclude Include="LoadFNT.h">
      <Filter>Render\Assets\Load</Filter>
    </ClInclude>
    <ClInclude Include="LoadOBJ.h">
      <Filter>Render\Assets\Load</Filter>
    </ClInclude>
    <ClInclude Include="FBORenderer.h">
      <Filter>Render\Renderer\Framebuffer</Filter>
    </ClInclude>
    <ClInclude Include="AdditiveRenderer.h">
      <Filter>Render\Renderer\Additive</Filter>
    </ClInclude>
    <ClInclude Include="Material.h">
      <Filter>Render\Material</Filter>
    </ClInclude>
    <ClInclude Include="Font.h">
      <Filter>Render\Assets</Filter>
    </ClInclude>
    <ClInclude Include="Mesh.h">
      <Filter>Render\Assets</Filter>
    </ClInclude>
    <ClInclude Include="Model.h">
      <Filter>Render\Assets</Filter>
    </ClInclude>
    <ClInclude Include="StandardMaterial.h">
      <Filter>Render\Material\Standard</Filter>
    </ClInclude>
    <ClInclude Include="SubtractiveMaterial.h">
      <Filter>Render\Material\Subtractive</Filter>
    </ClInclude>
    <ClInclude Include="Framebuffer.h">
      <Filter>Render</Filter>
    </ClInclude>
    <ClInclude Include="Vertex.h">
      <Filter>Render\Assets</Filter>
    </ClInclude>
    <ClInclude Include="TexturedMaterial.h">
      <Filter>Render\Material\Textured</Filter>
    </ClInclude>
    <ClInclude Include="Light.h">
      <Filter>Render</Filter>
    </ClInclude>
    <ClInclude Include="Shader.h">
      <Filter>Render\Material</Filter>
    </ClInclude>
    <ClInclude Include="Text.h">
      <Filter>Render</Filter>
    </ClInclude>
    <ClInclude Include="ColorMaterial.h">
      <Filter>Render\Material\Color</Filter>
    </ClInclude>
    <ClInclude Include="StateContainer.h">
      <Filter>State</Filter>
    </ClInclude>
    <ClInclude Include="State.h">
      <Filter>State</Filter>
    </ClInclude>
    <ClInclude Include="StateMachine.h">
      <Filter>State</Filter>
    </ClInclude>
  </ItemGroup>
</Project>