<?xml version="1.0" encoding="utf-8"?>
<Project ToolsVersion="4.0" xmlns="http://schemas.microsoft.com/developer/msbuild/2003">
  <ItemGroup>
    <ClCompile Include="Components\Camera\Camera.cpp" />
    <ClCompile Include="Components\Component.cpp" />
    <ClCompile Include="Components\ComponentsManager.cpp" />
    <ClCompile Include="Components\Transform\Transform.cpp" />
    <ClCompile Include="Entity\Entity.cpp" />
    <ClCompile Include="Entity\EntityManager.cpp" />
    <ClCompile Include="Events\EventsManager.cpp" />
    <ClCompile Include="Physics\PhysicsSystem.cpp" />
    <ClCompile Include="Render\Framebuffer\Framebuffer.cpp" />
    <ClCompile Include="Render\Light\Light.cpp" />
    <ClCompile Include="Render\Load\LoadOBJ.cpp" />
    <ClCompile Include="Render\Load\LoadTGA.cpp" />
    <ClCompile Include="Render\Material\Material.cpp" />
    <ClCompile Include="Render\Material\Nonlit\ColorMaterial.cpp" />
    <ClCompile Include="Render\Material\Standard\StandardMaterial.cpp" />
    <ClCompile Include="Render\Material\Subtractive\SubtractiveMaterial.cpp" />
    <ClCompile Include="Render\Model\Mesh.cpp" />
    <ClCompile Include="Render\Model\Model.cpp" />
    <ClCompile Include="Render\Model\Vertex.cpp" />
    <ClCompile Include="Render\Render.cpp" />
    <ClCompile Include="Render\Material\Shader.cpp" />
    <ClCompile Include="Render\Renderer\AdditiveRenderer.cpp" />
    <ClCompile Include="Render\Renderer\FBORenderer.cpp" />
    <ClCompile Include="Render\RenderSystem.cpp" />
    <ClCompile Include="Physics\Rigidbody.cpp" />
    <ClCompile Include="Systems\SystemsManager.cpp" />
    <ClCompile Include="Systems\System.cpp" />
    <ClCompile Include="Script\Script.cpp" />
    <ClCompile Include="Script\ScriptSystem.cpp" />
    <ClCompile Include="Physics\Collider\Collider.cpp" />
    <ClCompile Include="Physics\Collider\BoxCollider.cpp" />
    <ClCompile Include="Physics\Collider\SphereCollider.cpp" />
    <ClCompile Include="MaterialsManager.cpp" />
  </ItemGroup>
  <ItemGroup>
    <ClInclude Include="Components\Camera\Camera.h" />
    <ClInclude Include="Components\Component.h" />
    <ClInclude Include="Components\ComponentsManager.h" />
    <ClInclude Include="Components\Transform\Transform.h" />
    <ClInclude Include="Entity\Entity.h" />
    <ClInclude Include="Entity\EntityManager.h" />
    <ClInclude Include="Events\Event.h" />
    <ClInclude Include="Events\EventsManager.h" />
    <ClInclude Include="Physics\PhysicsSystem.h" />
    <ClInclude Include="Render\Framebuffer\Framebuffer.h" />
    <ClInclude Include="Render\Light\Light.h" />
    <ClInclude Include="Render\Load\LoadOBJ.h" />
    <ClInclude Include="Render\Load\LoadTGA.h" />
    <ClInclude Include="Render\Material\Material.h" />
    <ClInclude Include="Render\Material\Nonlit\ColorMaterial.h" />
    <ClInclude Include="Render\Material\Standard\StandardMaterial.h" />
    <ClInclude Include="Render\Material\Subtractive\SubtractiveMaterial.h" />
    <ClInclude Include="Render\Model\Mesh.h" />
    <ClInclude Include="Render\Model\Model.h" />
    <ClInclude Include="Render\Model\Vertex.h" />
    <ClInclude Include="Render\Render.h" />
    <ClInclude Include="Render\Material\Shader.h" />
    <ClInclude Include="Render\Renderer\AdditiveRenderer.h" />
    <ClInclude Include="Render\Renderer\FBORenderer.h" />
    <ClInclude Include="Render\RenderSystem.h" />
    <ClInclude Include="Physics\Rigidbody.h" />
    <ClInclude Include="Systems\System.h" />
    <ClInclude Include="Systems\SystemsManager.h" />
    <ClInclude Include="Script\Script.h" />
    <ClInclude Include="Script\ScriptSystem.h" />
    <ClInclude Include="Physics\Collider\Collider.h" />
    <ClInclude Include="Physics\Collider\BoxCollider.h" />
    <ClInclude Include="Physics\Collider\SphereCollider.h" />
    <ClInclude Include="MaterialsManager.h" />
  </ItemGroup>
</Project>